
Microsoft Visual Studio Solution File, Format Version 12.00
# Visual Studio Version 16
VisualStudioVersion = 16.0.30711.63
MinimumVisualStudioVersion = 10.0.40219.1
Project("{FAE04EC0-301F-11D3-BF4B-00C04F79EFBC}") = "GallJungSan", "GallJungSan\GallJungSan.csproj", "{412E8F42-63B5-4AF1-B73C-A598E9D204D2}"
EndProject
Global
	GlobalSection(SolutionConfigurationPlatforms) = preSolution
		Debug|Any CPU = Debug|Any CPU
		Release|Any CPU = Release|Any CPU
	EndGlobalSection
	GlobalSection(ProjectConfigurationPlatforms) = postSolution
		{412E8F42-63B5-4AF1-B73C-A598E9D204D2}.Debug|Any CPU.ActiveCfg = Debug|Any CPU
		{412E8F42-63B5-4AF1-B73C-A598E9D204D2}.Debug|Any CPU.Build.0 = Debug|Any CPU
		{412E8F42-63B5-4AF1-B73C-A598E9D204D2}.Release|Any CPU.ActiveCfg = Release|Any CPU
		{412E8F42-63B5-4AF1-B73C-A598E9D204D2}.Release|Any CPU.Build.0 = Release|Any CPU
	EndGlobalSection
	GlobalSection(SolutionProperties) = preSolution
		HideSolutionNode = FALSE
	EndGlobalSection
	GlobalSection(ExtensibilityGlobals) = postSolution
		SolutionGuid = {4EB1903B-0003-4A82-AD9D-B7AB62A9EEB0}
	EndGlobalSection
EndGlobal
